
Microsoft Visual Studio Solution File, Format Version 12.00
# Visual Studio Version 17
VisualStudioVersion = 17.13.35913.81 d17.13
MinimumVisualStudioVersion = 10.0.40219.1
Project("{FAE04EC0-301F-11D3-BF4B-00C04F79EFBC}") = "EmployeeManagement", "EmployeeManagement\EmployeeManagement.csproj", "{89D6D44E-68D5-4651-BA12-C9DCBDE6B662}"
EndProject
Project("{FAE04EC0-301F-11D3-BF4B-00C04F79EFBC}") = "EmployeeInfo", "EmployeeInfo\EmployeeInfo.csproj", "{9290EFCB-E702-4810-8879-8437B3AF7C05}"
EndProject
Project("{FAE04EC0-301F-11D3-BF4B-00C04F79EFBC}") = "EmployeeWebService", "EmployeeWebService\EmployeeWebService.csproj", "{19F70677-E29E-4054-9E2F-E109B5382E7D}"
EndProject
Global
	GlobalSection(SolutionConfigurationPlatforms) = preSolution
		Debug|Any CPU = Debug|Any CPU
		Release|Any CPU = Release|Any CPU
	EndGlobalSection
	GlobalSection(ProjectConfigurationPlatforms) = postSolution
		{89D6D44E-68D5-4651-BA12-C9DCBDE6B662}.Debug|Any CPU.ActiveCfg = Debug|Any CPU
		{89D6D44E-68D5-4651-BA12-C9DCBDE6B662}.Debug|Any CPU.Build.0 = Debug|Any CPU
		{89D6D44E-68D5-4651-BA12-C9DCBDE6B662}.Release|Any CPU.ActiveCfg = Release|Any CPU
		{89D6D44E-68D5-4651-BA12-C9DCBDE6B662}.Release|Any CPU.Build.0 = Release|Any CPU
		{9290EFCB-E702-4810-8879-8437B3AF7C05}.Debug|Any CPU.ActiveCfg = Debug|Any CPU
		{9290EFCB-E702-4810-8879-8437B3AF7C05}.Debug|Any CPU.Build.0 = Debug|Any CPU
		{9290EFCB-E702-4810-8879-8437B3AF7C05}.Release|Any CPU.ActiveCfg = Release|Any CPU
		{9290EFCB-E702-4810-8879-8437B3AF7C05}.Release|Any CPU.Build.0 = Release|Any CPU
		{19F70677-E29E-4054-9E2F-E109B5382E7D}.Debug|Any CPU.ActiveCfg = Debug|Any CPU
		{19F70677-E29E-4054-9E2F-E109B5382E7D}.Debug|Any CPU.Build.0 = Debug|Any CPU
		{19F70677-E29E-4054-9E2F-E109B5382E7D}.Release|Any CPU.ActiveCfg = Release|Any CPU
		{19F70677-E29E-4054-9E2F-E109B5382E7D}.Release|Any CPU.Build.0 = Release|Any CPU
	EndGlobalSection
	GlobalSection(SolutionProperties) = preSolution
		HideSolutionNode = FALSE
	EndGlobalSection
	GlobalSection(ExtensibilityGlobals) = postSolution
		SolutionGuid = {34D95843-E7F5-48A2-A6FA-2B64D5320278}
	EndGlobalSection
EndGlobal
